// !$*UTF8*$!
{
	archiveVersion = 1;
	classes = {
	};
	objectVersion = 77;
	objects = {

/* Begin PBXBuildFile section */
		009A70C087CFC5D44DEC4A6C /* MarkdownTextView.swift in Sources */ = {isa = PBXBuildFile; fileRef = 71566D09682A6781E0210572 /* MarkdownTextView.swift */; };
		07908FAAAF11A155D404FE53 /* LineNumberRulerView.swift in Sources */ = {isa = PBXBuildFile; fileRef = 5DCCA3F4FE6B3683D5FA00C4 /* LineNumberRulerView.swift */; };
		0D7A5F0D39AA6A259897CAC3 /* Assets.xcassets in Resources */ = {isa = PBXBuildFile; fileRef = A1A860FB05EAB52091F7E732 /* Assets.xcassets */; };
		102EBF363988D49D8C878F66 /* LineNumberRulerView.swift in Sources */ = {isa = PBXBuildFile; fileRef = 5DCCA3F4FE6B3683D5FA00C4 /* LineNumberRulerView.swift */; };
		10E59DDA89053657AA718BC4 /* DevNotesCore in Frameworks */ = {isa = PBXBuildFile; productRef = 9797B87FF1EB21760926BBF1 /* DevNotesCore */; };
		147F709163E00B1D0A7C2770 /* KeymapStore.swift in Sources */ = {isa = PBXBuildFile; fileRef = 9A7BBDD437765DB3570F6214 /* KeymapStore.swift */; };
		1BC0C488410987031B3A911C /* EditorTextView.swift in Sources */ = {isa = PBXBuildFile; fileRef = 7FD955216D44C4AF61765C73 /* EditorTextView.swift */; };
		1F9515B7D040E76C0EBDB02F /* CloudKitSyncService.swift in Sources */ = {isa = PBXBuildFile; fileRef = D05BDA9F5F7B3A8E23672923 /* CloudKitSyncService.swift */; };
		24A8DD2CBDE0E51E9540D0FD /* ContentView.swift in Sources */ = {isa = PBXBuildFile; fileRef = 966D8EE4084AE8B2A77F02E7 /* ContentView.swift */; };
		28B4CC099FC6294C920A6FDA /* SidebarView.swift in Sources */ = {isa = PBXBuildFile; fileRef = 07E21273C76AF127D488862A /* SidebarView.swift */; };
		35D096337F96DB28B3CA0944 /* SettingsView.swift in Sources */ = {isa = PBXBuildFile; fileRef = 78AFA6F523DB880932AA9022 /* SettingsView.swift */; };
		37F78C743F15704ADFC2BC1C /* EditorPane.swift in Sources */ = {isa = PBXBuildFile; fileRef = E34663D339352B81822546F8 /* EditorPane.swift */; };
		3999A5AF8F3EA37B02A52A32 /* StyleApplier.swift in Sources */ = {isa = PBXBuildFile; fileRef = 266C558014E2ED98542A0B55 /* StyleApplier.swift */; };
		3A4D4B516AE77E8EB92786C7 /* Exporter.swift in Sources */ = {isa = PBXBuildFile; fileRef = DE46C25B88AA794F2EC223B5 /* Exporter.swift */; };
		3DB0DFA733FB3313B9B37AF5 /* FileNoteStore.swift in Sources */ = {isa = PBXBuildFile; fileRef = A24629D5B796D7A3F7C5DCC1 /* FileNoteStore.swift */; };
		4189445971E1A642500AAB1F /* FindState.swift in Sources */ = {isa = PBXBuildFile; fileRef = 3E4F1346860E012E91CA6140 /* FindState.swift */; };
		42A21882CDC652F4C7551BFF /* MergeView.swift in Sources */ = {isa = PBXBuildFile; fileRef = C2F0B1922CE23BDBCA098662 /* MergeView.swift */; };
		44E61C1935A81DAD293CF26D /* EditorPane.swift in Sources */ = {isa = PBXBuildFile; fileRef = E34663D339352B81822546F8 /* EditorPane.swift */; };
		49283FCC05EBB80EEFA1E97C /* FileNoteStore.swift in Sources */ = {isa = PBXBuildFile; fileRef = A24629D5B796D7A3F7C5DCC1 /* FileNoteStore.swift */; };
		4F7FA118EA4D5D74BF8A1A51 /* EditorToolbar.swift in Sources */ = {isa = PBXBuildFile; fileRef = 03974BA7354B2EECDAEE9388 /* EditorToolbar.swift */; };
		50A20C604A834175739DFA81 /* FindReplaceBar.swift in Sources */ = {isa = PBXBuildFile; fileRef = 026ABCD0755341D4E5870253 /* FindReplaceBar.swift */; };
		53A1D1B351449AEA9F059851 /* ContentView.swift in Sources */ = {isa = PBXBuildFile; fileRef = 966D8EE4084AE8B2A77F02E7 /* ContentView.swift */; };
		54B34B0EB085B6FBD9E0D1E9 /* Assets.xcassets in Resources */ = {isa = PBXBuildFile; fileRef = A1A860FB05EAB52091F7E732 /* Assets.xcassets */; };
		5BA5DF0D50244B5E12621C5E /* DevNotesApp.swift in Sources */ = {isa = PBXBuildFile; fileRef = 94A60EA2683E7A52725CD37D /* DevNotesApp.swift */; };
		76EC511C1A487046CD2F4C04 /* Exporter.swift in Sources */ = {isa = PBXBuildFile; fileRef = DE46C25B88AA794F2EC223B5 /* Exporter.swift */; };
		7B86C2358CB76E1ACE631E08 /* MarkdownHighlighter.swift in Sources */ = {isa = PBXBuildFile; fileRef = 949B96DED5CC2D4B246D1DD0 /* MarkdownHighlighter.swift */; };
		7D9765A721119240FE2FA5F7 /* UbiquityDownloadMonitor.swift in Sources */ = {isa = PBXBuildFile; fileRef = 8125A764AE52C817FACC1DD4 /* UbiquityDownloadMonitor.swift */; };
		7DF3D12B8DBE72288EC31BA1 /* DevNotesApp.swift in Sources */ = {isa = PBXBuildFile; fileRef = 94A60EA2683E7A52725CD37D /* DevNotesApp.swift */; };
		957B4D7FD1A76BAA4E3C0FC1 /* CloudKitSyncService.swift in Sources */ = {isa = PBXBuildFile; fileRef = D05BDA9F5F7B3A8E23672923 /* CloudKitSyncService.swift */; };
		9927BCF03D9042A50CEAA42E /* EditorTextView.swift in Sources */ = {isa = PBXBuildFile; fileRef = 7FD955216D44C4AF61765C73 /* EditorTextView.swift */; };
		9B0349E5A97ABE1D06065530 /* SearchBarView.swift in Sources */ = {isa = PBXBuildFile; fileRef = F7C40DA45CA4C483357AA0A0 /* SearchBarView.swift */; };
		9C7373A46907EB7081818ED1 /* KeymapStore.swift in Sources */ = {isa = PBXBuildFile; fileRef = 9A7BBDD437765DB3570F6214 /* KeymapStore.swift */; };
		A2591EC31933C83B75CEBA33 /* EditorViewModel.swift in Sources */ = {isa = PBXBuildFile; fileRef = D9415E031840711DCEE435B1 /* EditorViewModel.swift */; };
		A50F24B8372844599BFBF6CC /* EditorViewModel.swift in Sources */ = {isa = PBXBuildFile; fileRef = D9415E031840711DCEE435B1 /* EditorViewModel.swift */; };
		A6176ECE962FBBE348D28965 /* StyleApplier.swift in Sources */ = {isa = PBXBuildFile; fileRef = 266C558014E2ED98542A0B55 /* StyleApplier.swift */; };
		A7BFBBE58F5628DAD282C81B /* UbiquityDownloadMonitor.swift in Sources */ = {isa = PBXBuildFile; fileRef = 8125A764AE52C817FACC1DD4 /* UbiquityDownloadMonitor.swift */; };
		AC0EDF7A2AB5B0ACAE60DB1D /* SidebarView.swift in Sources */ = {isa = PBXBuildFile; fileRef = 07E21273C76AF127D488862A /* SidebarView.swift */; };
		ADF79F5C4EE780C0FBE1F50E /* AppCommands.swift in Sources */ = {isa = PBXBuildFile; fileRef = 54443370DFE141913BD80CE1 /* AppCommands.swift */; };
		AF234A3D36733DDF2559BF46 /* DirectoryWatcher.swift in Sources */ = {isa = PBXBuildFile; fileRef = 19AC917B06781CF791567829 /* DirectoryWatcher.swift */; };
		B185B25417465230ADD162E9 /* SettingsView.swift in Sources */ = {isa = PBXBuildFile; fileRef = 78AFA6F523DB880932AA9022 /* SettingsView.swift */; };
		B489CCD9376915E166296C00 /* FindReplaceBar.swift in Sources */ = {isa = PBXBuildFile; fileRef = 026ABCD0755341D4E5870253 /* FindReplaceBar.swift */; };
		C3A02068ED29E1A780B31A51 /* DirectoryWatcher.swift in Sources */ = {isa = PBXBuildFile; fileRef = 19AC917B06781CF791567829 /* DirectoryWatcher.swift */; };
		C5CEE753953D7F396350F810 /* FindState.swift in Sources */ = {isa = PBXBuildFile; fileRef = 3E4F1346860E012E91CA6140 /* FindState.swift */; };
		CCD13E57E86E751EA519B6AE /* DevNotesCore in Frameworks */ = {isa = PBXBuildFile; productRef = 65B852DFA661A75457C78948 /* DevNotesCore */; };
		D572009A6469620A88BCBF45 /* AppModel.swift in Sources */ = {isa = PBXBuildFile; fileRef = EECFD32311AD536926457D89 /* AppModel.swift */; };
		D666C440E8E5E8F56CC1EB3E /* EditorToolbar.swift in Sources */ = {isa = PBXBuildFile; fileRef = 03974BA7354B2EECDAEE9388 /* EditorToolbar.swift */; };
		D8306F8858AD7A297001A707 /* MarkdownHighlighter.swift in Sources */ = {isa = PBXBuildFile; fileRef = 949B96DED5CC2D4B246D1DD0 /* MarkdownHighlighter.swift */; };
		D91F2D71EFEBC1C7D52D5B25 /* AppCommands.swift in Sources */ = {isa = PBXBuildFile; fileRef = 54443370DFE141913BD80CE1 /* AppCommands.swift */; };
		DD4106FA063CC7FE9AC3EAB1 /* Platform.swift in Sources */ = {isa = PBXBuildFile; fileRef = 45CBA42A05533BE57D164B37 /* Platform.swift */; };
		DFD1233F91122C755E3284E4 /* MergeView.swift in Sources */ = {isa = PBXBuildFile; fileRef = C2F0B1922CE23BDBCA098662 /* MergeView.swift */; };
		E50BC13A7454538FC54AE001 /* AppModel.swift in Sources */ = {isa = PBXBuildFile; fileRef = EECFD32311AD536926457D89 /* AppModel.swift */; };
		EE6CF05EFF07C0A845033E2E /* Platform.swift in Sources */ = {isa = PBXBuildFile; fileRef = 45CBA42A05533BE57D164B37 /* Platform.swift */; };
		F5E6014573EBEF9773993E12 /* SearchBarView.swift in Sources */ = {isa = PBXBuildFile; fileRef = F7C40DA45CA4C483357AA0A0 /* SearchBarView.swift */; };
		FF9CDA04A2BB550817D46576 /* MarkdownTextView.swift in Sources */ = {isa = PBXBuildFile; fileRef = 71566D09682A6781E0210572 /* MarkdownTextView.swift */; };
/* End PBXBuildFile section */

/* Begin PBXFileReference section */
		026ABCD0755341D4E5870253 /* FindReplaceBar.swift */ = {isa = PBXFileReference; lastKnownFileType = sourcecode.swift; path = FindReplaceBar.swift; sourceTree = "<group>"; };
		03974BA7354B2EECDAEE9388 /* EditorToolbar.swift */ = {isa = PBXFileReference; lastKnownFileType = sourcecode.swift; path = EditorToolbar.swift; sourceTree = "<group>"; };
		07E21273C76AF127D488862A /* SidebarView.swift */ = {isa = PBXFileReference; lastKnownFileType = sourcecode.swift; path = SidebarView.swift; sourceTree = "<group>"; };
		19AC917B06781CF791567829 /* DirectoryWatcher.swift */ = {isa = PBXFileReference; lastKnownFileType = sourcecode.swift; path = DirectoryWatcher.swift; sourceTree = "<group>"; };
		266C558014E2ED98542A0B55 /* StyleApplier.swift */ = {isa = PBXFileReference; lastKnownFileType = sourcecode.swift; path = StyleApplier.swift; sourceTree = "<group>"; };
		2C9CD00750279F380D3F8A1B /* DevNotes.app */ = {isa = PBXFileReference; explicitFileType = wrapper.application; includeInIndex = 0; path = DevNotes.app; sourceTree = BUILT_PRODUCTS_DIR; };
		3E4F1346860E012E91CA6140 /* FindState.swift */ = {isa = PBXFileReference; lastKnownFileType = sourcecode.swift; path = FindState.swift; sourceTree = "<group>"; };
		45CBA42A05533BE57D164B37 /* Platform.swift */ = {isa = PBXFileReference; lastKnownFileType = sourcecode.swift; path = Platform.swift; sourceTree = "<group>"; };
		54443370DFE141913BD80CE1 /* AppCommands.swift */ = {isa = PBXFileReference; lastKnownFileType = sourcecode.swift; path = AppCommands.swift; sourceTree = "<group>"; };
		5DCCA3F4FE6B3683D5FA00C4 /* LineNumberRulerView.swift */ = {isa = PBXFileReference; lastKnownFileType = sourcecode.swift; path = LineNumberRulerView.swift; sourceTree = "<group>"; };
		71566D09682A6781E0210572 /* MarkdownTextView.swift */ = {isa = PBXFileReference; lastKnownFileType = sourcecode.swift; path = MarkdownTextView.swift; sourceTree = "<group>"; };
		78AFA6F523DB880932AA9022 /* SettingsView.swift */ = {isa = PBXFileReference; lastKnownFileType = sourcecode.swift; path = SettingsView.swift; sourceTree = "<group>"; };
		7FD955216D44C4AF61765C73 /* EditorTextView.swift */ = {isa = PBXFileReference; lastKnownFileType = sourcecode.swift; path = EditorTextView.swift; sourceTree = "<group>"; };
		8125A764AE52C817FACC1DD4 /* UbiquityDownloadMonitor.swift */ = {isa = PBXFileReference; lastKnownFileType = sourcecode.swift; path = UbiquityDownloadMonitor.swift; sourceTree = "<group>"; };
		949B96DED5CC2D4B246D1DD0 /* MarkdownHighlighter.swift */ = {isa = PBXFileReference; lastKnownFileType = sourcecode.swift; path = MarkdownHighlighter.swift; sourceTree = "<group>"; };
		94A60EA2683E7A52725CD37D /* DevNotesApp.swift */ = {isa = PBXFileReference; lastKnownFileType = sourcecode.swift; path = DevNotesApp.swift; sourceTree = "<group>"; };
		966D8EE4084AE8B2A77F02E7 /* ContentView.swift */ = {isa = PBXFileReference; lastKnownFileType = sourcecode.swift; path = ContentView.swift; sourceTree = "<group>"; };
		994BF6A1718A5BD6406A8404 /* DevNotes-iOS.app */ = {isa = PBXFileReference; includeInIndex = 0; lastKnownFileType = wrapper.application; path = "DevNotes-iOS.app"; sourceTree = BUILT_PRODUCTS_DIR; };
		9A7BBDD437765DB3570F6214 /* KeymapStore.swift */ = {isa = PBXFileReference; lastKnownFileType = sourcecode.swift; path = KeymapStore.swift; sourceTree = "<group>"; };
		A1A860FB05EAB52091F7E732 /* Assets.xcassets */ = {isa = PBXFileReference; lastKnownFileType = folder.assetcatalog; path = Assets.xcassets; sourceTree = "<group>"; };
		A24629D5B796D7A3F7C5DCC1 /* FileNoteStore.swift */ = {isa = PBXFileReference; lastKnownFileType = sourcecode.swift; path = FileNoteStore.swift; sourceTree = "<group>"; };
		A2C4BCB6CEA650E8A0BA6C28 /* DevNotes */ = {isa = PBXFileReference; lastKnownFileType = folder; name = DevNotes; path = .; sourceTree = SOURCE_ROOT; };
		C2F0B1922CE23BDBCA098662 /* MergeView.swift */ = {isa = PBXFileReference; lastKnownFileType = sourcecode.swift; path = MergeView.swift; sourceTree = "<group>"; };
		D05BDA9F5F7B3A8E23672923 /* CloudKitSyncService.swift */ = {isa = PBXFileReference; lastKnownFileType = sourcecode.swift; path = CloudKitSyncService.swift; sourceTree = "<group>"; };
		D9415E031840711DCEE435B1 /* EditorViewModel.swift */ = {isa = PBXFileReference; lastKnownFileType = sourcecode.swift; path = EditorViewModel.swift; sourceTree = "<group>"; };
		DE46C25B88AA794F2EC223B5 /* Exporter.swift */ = {isa = PBXFileReference; lastKnownFileType = sourcecode.swift; path = Exporter.swift; sourceTree = "<group>"; };
		E34663D339352B81822546F8 /* EditorPane.swift */ = {isa = PBXFileReference; lastKnownFileType = sourcecode.swift; path = EditorPane.swift; sourceTree = "<group>"; };
		EECFD32311AD536926457D89 /* AppModel.swift */ = {isa = PBXFileReference; lastKnownFileType = sourcecode.swift; path = AppModel.swift; sourceTree = "<group>"; };
		F7C40DA45CA4C483357AA0A0 /* SearchBarView.swift */ = {isa = PBXFileReference; lastKnownFileType = sourcecode.swift; path = SearchBarView.swift; sourceTree = "<group>"; };
/* End PBXFileReference section */

/* Begin PBXFrameworksBuildPhase section */
		91D8876CFFBE8C720D3B2747 /* Frameworks */ = {
			isa = PBXFrameworksBuildPhase;
			buildActionMask = 2147483647;
			files = (
				CCD13E57E86E751EA519B6AE /* DevNotesCore in Frameworks */,
			);
			runOnlyForDeploymentPostprocessing = 0;
		};
		F16662F0D3AAA79757B375E1 /* Frameworks */ = {
			isa = PBXFrameworksBuildPhase;
			buildActionMask = 2147483647;
			files = (
				10E59DDA89053657AA718BC4 /* DevNotesCore in Frameworks */,
			);
			runOnlyForDeploymentPostprocessing = 0;
		};
/* End PBXFrameworksBuildPhase section */

/* Begin PBXGroup section */
		0F7022C6EFE1A93868DC3DA8 /* Storage */ = {
			isa = PBXGroup;
			children = (
				19AC917B06781CF791567829 /* DirectoryWatcher.swift */,
				A24629D5B796D7A3F7C5DCC1 /* FileNoteStore.swift */,
			);
			path = Storage;
			sourceTree = "<group>";
		};
		317EAA8C2B16E77A7FC5DECE /* Export */ = {
			isa = PBXGroup;
			children = (
				DE46C25B88AA794F2EC223B5 /* Exporter.swift */,
			);
			path = Export;
			sourceTree = "<group>";
		};
		4B481E76F12AD3091A98EFE8 /* Products */ = {
			isa = PBXGroup;
			children = (
				994BF6A1718A5BD6406A8404 /* DevNotes-iOS.app */,
				2C9CD00750279F380D3F8A1B /* DevNotes.app */,
			);
			name = Products;
			sourceTree = "<group>";
		};
		674FD979FBCCA48AC1EB8A56 /* Keymap */ = {
			isa = PBXGroup;
			children = (
				9A7BBDD437765DB3570F6214 /* KeymapStore.swift */,
			);
			path = Keymap;
			sourceTree = "<group>";
		};
		6CA21298E9036BE1CF57A4E1 /* Packages */ = {
			isa = PBXGroup;
			children = (
				A2C4BCB6CEA650E8A0BA6C28 /* DevNotes */,
			);
			name = Packages;
			sourceTree = "<group>";
		};
		719F68B2955349B7232D83BC /* Resources */ = {
			isa = PBXGroup;
			children = (
				A1A860FB05EAB52091F7E732 /* Assets.xcassets */,
			);
			path = Resources;
			sourceTree = "<group>";
		};
		7BB6D92AEE5664BD36272464 = {
			isa = PBXGroup;
			children = (
				6CA21298E9036BE1CF57A4E1 /* Packages */,
				890C90A5289B70C044DE4EE4 /* Sources */,
				4B481E76F12AD3091A98EFE8 /* Products */,
			);
			sourceTree = "<group>";
		};
		7F6E6B576BF8A7F5E331628C /* App */ = {
			isa = PBXGroup;
			children = (
				54443370DFE141913BD80CE1 /* AppCommands.swift */,
				EECFD32311AD536926457D89 /* AppModel.swift */,
				94A60EA2683E7A52725CD37D /* DevNotesApp.swift */,
				45CBA42A05533BE57D164B37 /* Platform.swift */,
			);
			path = App;
			sourceTree = "<group>";
		};
		7FE05F70C78200DAFF8743F2 /* Views */ = {
			isa = PBXGroup;
			children = (
				966D8EE4084AE8B2A77F02E7 /* ContentView.swift */,
				E34663D339352B81822546F8 /* EditorPane.swift */,
				03974BA7354B2EECDAEE9388 /* EditorToolbar.swift */,
				026ABCD0755341D4E5870253 /* FindReplaceBar.swift */,
				C2F0B1922CE23BDBCA098662 /* MergeView.swift */,
				F7C40DA45CA4C483357AA0A0 /* SearchBarView.swift */,
				78AFA6F523DB880932AA9022 /* SettingsView.swift */,
				07E21273C76AF127D488862A /* SidebarView.swift */,
			);
			path = Views;
			sourceTree = "<group>";
		};
		890C90A5289B70C044DE4EE4 /* Sources */ = {
			isa = PBXGroup;
			children = (
				B803E0DEFB0600D374872C08 /* DevNotesApp */,
			);
			path = Sources;
			sourceTree = "<group>";
		};
		9310C60CE73EEC9636696B5B /* Sync */ = {
			isa = PBXGroup;
			children = (
				D05BDA9F5F7B3A8E23672923 /* CloudKitSyncService.swift */,
				8125A764AE52C817FACC1DD4 /* UbiquityDownloadMonitor.swift */,
			);
			path = Sync;
			sourceTree = "<group>";
		};
		B803E0DEFB0600D374872C08 /* DevNotesApp */ = {
			isa = PBXGroup;
			children = (
				7F6E6B576BF8A7F5E331628C /* App */,
				D5F157D61EB3D6BFA0089602 /* Editor */,
				317EAA8C2B16E77A7FC5DECE /* Export */,
				674FD979FBCCA48AC1EB8A56 /* Keymap */,
				719F68B2955349B7232D83BC /* Resources */,
				0F7022C6EFE1A93868DC3DA8 /* Storage */,
				9310C60CE73EEC9636696B5B /* Sync */,
				7FE05F70C78200DAFF8743F2 /* Views */,
			);
			path = DevNotesApp;
			sourceTree = "<group>";
		};
		D5F157D61EB3D6BFA0089602 /* Editor */ = {
			isa = PBXGroup;
			children = (
				7FD955216D44C4AF61765C73 /* EditorTextView.swift */,
				D9415E031840711DCEE435B1 /* EditorViewModel.swift */,
				3E4F1346860E012E91CA6140 /* FindState.swift */,
				5DCCA3F4FE6B3683D5FA00C4 /* LineNumberRulerView.swift */,
				949B96DED5CC2D4B246D1DD0 /* MarkdownHighlighter.swift */,
				71566D09682A6781E0210572 /* MarkdownTextView.swift */,
				266C558014E2ED98542A0B55 /* StyleApplier.swift */,
			);
			path = Editor;
			sourceTree = "<group>";
		};
/* End PBXGroup section */

/* Begin PBXNativeTarget section */
		33A3E4E71A224447D435297F /* DevNotes */ = {
			isa = PBXNativeTarget;
			buildConfigurationList = FFE17D6B5DE32F70AB153240 /* Build configuration list for PBXNativeTarget "DevNotes" */;
			buildPhases = (
				3B76CE1C0564CD73DEEA8FDE /* Sources */,
				262394BB431F0C4D74813556 /* Resources */,
				F16662F0D3AAA79757B375E1 /* Frameworks */,
			);
			buildRules = (
			);
			dependencies = (
			);
			name = DevNotes;
			packageProductDependencies = (
				9797B87FF1EB21760926BBF1 /* DevNotesCore */,
			);
			productName = DevNotes;
			productReference = 2C9CD00750279F380D3F8A1B /* DevNotes.app */;
			productType = "com.apple.product-type.application";
		};
		A92E5E2CD18A403154D248C2 /* DevNotes-iOS */ = {
			isa = PBXNativeTarget;
			buildConfigurationList = DF3B3C32289FE9DBAB8B61AA /* Build configuration list for PBXNativeTarget "DevNotes-iOS" */;
			buildPhases = (
				E36733B96A8793E77487D3C8 /* Sources */,
				8FC5C7F66DC996AC0B919DCB /* Resources */,
				91D8876CFFBE8C720D3B2747 /* Frameworks */,
			);
			buildRules = (
			);
			dependencies = (
			);
			name = "DevNotes-iOS";
			packageProductDependencies = (
				65B852DFA661A75457C78948 /* DevNotesCore */,
			);
			productName = "DevNotes-iOS";
			productReference = 994BF6A1718A5BD6406A8404 /* DevNotes-iOS.app */;
			productType = "com.apple.product-type.application";
		};
/* End PBXNativeTarget section */

/* Begin PBXProject section */
		8642B65FA43056D7FA57C4C8 /* Project object */ = {
			isa = PBXProject;
			attributes = {
				BuildIndependentTargetsInParallel = YES;
				LastUpgradeCheck = 1430;
				TargetAttributes = {
					33A3E4E71A224447D435297F = {
						DevelopmentTeam = PWGXN26URQ;
						ProvisioningStyle = Automatic;
					};
					A92E5E2CD18A403154D248C2 = {
						DevelopmentTeam = PWGXN26URQ;
						ProvisioningStyle = Automatic;
					};
				};
			};
			buildConfigurationList = C5745410C1890D3871DF66F8 /* Build configuration list for PBXProject "DevNotes" */;
			developmentRegion = en;
			hasScannedForEncodings = 0;
			knownRegions = (
				Base,
				en,
			);
			mainGroup = 7BB6D92AEE5664BD36272464;
			minimizedProjectReferenceProxies = 1;
			packageReferences = (
				439800B1C6E6368A9526972C /* XCLocalSwiftPackageReference "." */,
			);
			preferredProjectObjectVersion = 77;
			productRefGroup = 4B481E76F12AD3091A98EFE8 /* Products */;
			projectDirPath = "";
			projectRoot = "";
			targets = (
				33A3E4E71A224447D435297F /* DevNotes */,
				A92E5E2CD18A403154D248C2 /* DevNotes-iOS */,
			);
		};
/* End PBXProject section */

/* Begin PBXResourcesBuildPhase section */
		262394BB431F0C4D74813556 /* Resources */ = {
			isa = PBXResourcesBuildPhase;
			buildActionMask = 2147483647;
			files = (
				0D7A5F0D39AA6A259897CAC3 /* Assets.xcassets in Resources */,
			);
			runOnlyForDeploymentPostprocessing = 0;
		};
		8FC5C7F66DC996AC0B919DCB /* Resources */ = {
			isa = PBXResourcesBuildPhase;
			buildActionMask = 2147483647;
			files = (
				54B34B0EB085B6FBD9E0D1E9 /* Assets.xcassets in Resources */,
			);
			runOnlyForDeploymentPostprocessing = 0;
		};
/* End PBXResourcesBuildPhase section */

/* Begin PBXSourcesBuildPhase section */
		3B76CE1C0564CD73DEEA8FDE /* Sources */ = {
			isa = PBXSourcesBuildPhase;
			buildActionMask = 2147483647;
			files = (
				D91F2D71EFEBC1C7D52D5B25 /* AppCommands.swift in Sources */,
				D572009A6469620A88BCBF45 /* AppModel.swift in Sources */,
				1F9515B7D040E76C0EBDB02F /* CloudKitSyncService.swift in Sources */,
				53A1D1B351449AEA9F059851 /* ContentView.swift in Sources */,
				7DF3D12B8DBE72288EC31BA1 /* DevNotesApp.swift in Sources */,
				C3A02068ED29E1A780B31A51 /* DirectoryWatcher.swift in Sources */,
				37F78C743F15704ADFC2BC1C /* EditorPane.swift in Sources */,
				9927BCF03D9042A50CEAA42E /* EditorTextView.swift in Sources */,
				D666C440E8E5E8F56CC1EB3E /* EditorToolbar.swift in Sources */,
				A2591EC31933C83B75CEBA33 /* EditorViewModel.swift in Sources */,
				76EC511C1A487046CD2F4C04 /* Exporter.swift in Sources */,
				3DB0DFA733FB3313B9B37AF5 /* FileNoteStore.swift in Sources */,
				50A20C604A834175739DFA81 /* FindReplaceBar.swift in Sources */,
				C5CEE753953D7F396350F810 /* FindState.swift in Sources */,
				147F709163E00B1D0A7C2770 /* KeymapStore.swift in Sources */,
				102EBF363988D49D8C878F66 /* LineNumberRulerView.swift in Sources */,
				D8306F8858AD7A297001A707 /* MarkdownHighlighter.swift in Sources */,
				FF9CDA04A2BB550817D46576 /* MarkdownTextView.swift in Sources */,
				42A21882CDC652F4C7551BFF /* MergeView.swift in Sources */,
				DD4106FA063CC7FE9AC3EAB1 /* Platform.swift in Sources */,
				F5E6014573EBEF9773993E12 /* SearchBarView.swift in Sources */,
				B185B25417465230ADD162E9 /* SettingsView.swift in Sources */,
				28B4CC099FC6294C920A6FDA /* SidebarView.swift in Sources */,
				A6176ECE962FBBE348D28965 /* StyleApplier.swift in Sources */,
				7D9765A721119240FE2FA5F7 /* UbiquityDownloadMonitor.swift in Sources */,
			);
			runOnlyForDeploymentPostprocessing = 0;
		};
		E36733B96A8793E77487D3C8 /* Sources */ = {
			isa = PBXSourcesBuildPhase;
			buildActionMask = 2147483647;
			files = (
				ADF79F5C4EE780C0FBE1F50E /* AppCommands.swift in Sources */,
				E50BC13A7454538FC54AE001 /* AppModel.swift in Sources */,
				957B4D7FD1A76BAA4E3C0FC1 /* CloudKitSyncService.swift in Sources */,
				24A8DD2CBDE0E51E9540D0FD /* ContentView.swift in Sources */,
				5BA5DF0D50244B5E12621C5E /* DevNotesApp.swift in Sources */,
				AF234A3D36733DDF2559BF46 /* DirectoryWatcher.swift in Sources */,
				44E61C1935A81DAD293CF26D /* EditorPane.swift in Sources */,
				1BC0C488410987031B3A911C /* EditorTextView.swift in Sources */,
				4F7FA118EA4D5D74BF8A1A51 /* EditorToolbar.swift in Sources */,
				A50F24B8372844599BFBF6CC /* EditorViewModel.swift in Sources */,
				3A4D4B516AE77E8EB92786C7 /* Exporter.swift in Sources */,
				49283FCC05EBB80EEFA1E97C /* FileNoteStore.swift in Sources */,
				B489CCD9376915E166296C00 /* FindReplaceBar.swift in Sources */,
				4189445971E1A642500AAB1F /* FindState.swift in Sources */,
				9C7373A46907EB7081818ED1 /* KeymapStore.swift in Sources */,
				07908FAAAF11A155D404FE53 /* LineNumberRulerView.swift in Sources */,
				7B86C2358CB76E1ACE631E08 /* MarkdownHighlighter.swift in Sources */,
				009A70C087CFC5D44DEC4A6C /* MarkdownTextView.swift in Sources */,
				DFD1233F91122C755E3284E4 /* MergeView.swift in Sources */,
				EE6CF05EFF07C0A845033E2E /* Platform.swift in Sources */,
				9B0349E5A97ABE1D06065530 /* SearchBarView.swift in Sources */,
				35D096337F96DB28B3CA0944 /* SettingsView.swift in Sources */,
				AC0EDF7A2AB5B0ACAE60DB1D /* SidebarView.swift in Sources */,
				3999A5AF8F3EA37B02A52A32 /* StyleApplier.swift in Sources */,
				A7BFBBE58F5628DAD282C81B /* UbiquityDownloadMonitor.swift in Sources */,
			);
			runOnlyForDeploymentPostprocessing = 0;
		};
/* End PBXSourcesBuildPhase section */

/* Begin XCBuildConfiguration section */
		07F97A1CAF12C27FD22A5FF2 /* Release */ = {
			isa = XCBuildConfiguration;
			buildSettings = {
				ASSETCATALOG_COMPILER_APPICON_NAME = AppIcon;
				CODE_SIGN_ENTITLEMENTS = DevNotes.entitlements;
				CODE_SIGN_STYLE = Automatic;
				COMBINE_HIDPI_IMAGES = YES;
				ENABLE_HARDENED_RUNTIME = YES;
				GENERATE_INFOPLIST_FILE = YES;
				INFOPLIST_KEY_CFBundleDisplayName = DevNotes;
				INFOPLIST_KEY_LSApplicationCategoryType = "public.app-category.productivity";
				INFOPLIST_KEY_NSHumanReadableCopyright = "© 2026 Josh Glazer";
				LD_RUNPATH_SEARCH_PATHS = (
					"$(inherited)",
					"@executable_path/../Frameworks",
				);
				MACOSX_DEPLOYMENT_TARGET = 14.0;
				PRODUCT_BUNDLE_IDENTIFIER = com.jsglazer.DevNotes;
				PRODUCT_NAME = DevNotes;
				SDKROOT = macosx;
				SWIFT_VERSION = 6.0;
			};
			name = Release;
		};
		21FC6987B075FEBBFFF58C8C /* Release */ = {
			isa = XCBuildConfiguration;
			buildSettings = {
				ALWAYS_SEARCH_USER_PATHS = NO;
				CLANG_ANALYZER_NONNULL = YES;
				CLANG_ANALYZER_NUMBER_OBJECT_CONVERSION = YES_AGGRESSIVE;
				CLANG_CXX_LANGUAGE_STANDARD = "gnu++14";
				CLANG_CXX_LIBRARY = "libc++";
				CLANG_ENABLE_MODULES = YES;
				CLANG_ENABLE_OBJC_ARC = YES;
				CLANG_ENABLE_OBJC_WEAK = YES;
				CLANG_WARN_BLOCK_CAPTURE_AUTORELEASING = YES;
				CLANG_WARN_BOOL_CONVERSION = YES;
				CLANG_WARN_COMMA = YES;
				CLANG_WARN_CONSTANT_CONVERSION = YES;
				CLANG_WARN_DEPRECATED_OBJC_IMPLEMENTATIONS = YES;
				CLANG_WARN_DIRECT_OBJC_ISA_USAGE = YES_ERROR;
				CLANG_WARN_DOCUMENTATION_COMMENTS = YES;
				CLANG_WARN_EMPTY_BODY = YES;
				CLANG_WARN_ENUM_CONVERSION = YES;
				CLANG_WARN_INFINITE_RECURSION = YES;
				CLANG_WARN_INT_CONVERSION = YES;
				CLANG_WARN_NON_LITERAL_NULL_CONVERSION = YES;
				CLANG_WARN_OBJC_IMPLICIT_RETAIN_SELF = YES;
				CLANG_WARN_OBJC_LITERAL_CONVERSION = YES;
				CLANG_WARN_OBJC_ROOT_CLASS = YES_ERROR;
				CLANG_WARN_QUOTED_INCLUDE_IN_FRAMEWORK_HEADER = YES;
				CLANG_WARN_RANGE_LOOP_ANALYSIS = YES;
				CLANG_WARN_STRICT_PROTOTYPES = YES;
				CLANG_WARN_SUSPICIOUS_MOVE = YES;
				CLANG_WARN_UNGUARDED_AVAILABILITY = YES_AGGRESSIVE;
				CLANG_WARN_UNREACHABLE_CODE = YES;
				CLANG_WARN__DUPLICATE_METHOD_MATCH = YES;
				COPY_PHASE_STRIP = NO;
				CURRENT_PROJECT_VERSION = 1;
				DEBUG_INFORMATION_FORMAT = "dwarf-with-dsym";
				DEVELOPMENT_TEAM = PWGXN26URQ;
				ENABLE_NS_ASSERTIONS = NO;
				ENABLE_STRICT_OBJC_MSGSEND = YES;
				GCC_C_LANGUAGE_STANDARD = gnu11;
				GCC_NO_COMMON_BLOCKS = YES;
				GCC_WARN_64_TO_32_BIT_CONVERSION = YES;
				GCC_WARN_ABOUT_RETURN_TYPE = YES_ERROR;
				GCC_WARN_UNDECLARED_SELECTOR = YES;
				GCC_WARN_UNINITIALIZED_AUTOS = YES_AGGRESSIVE;
				GCC_WARN_UNUSED_FUNCTION = YES;
				GCC_WARN_UNUSED_VARIABLE = YES;
				IPHONEOS_DEPLOYMENT_TARGET = 17.0;
				MACOSX_DEPLOYMENT_TARGET = 14.0;
				MARKETING_VERSION = 1.0.10;
				MTL_ENABLE_DEBUG_INFO = NO;
				MTL_FAST_MATH = YES;
				PRODUCT_NAME = "$(TARGET_NAME)";
				SWIFT_COMPILATION_MODE = wholemodule;
				SWIFT_OPTIMIZATION_LEVEL = "-O";
				SWIFT_VERSION = 6.0;
			};
			name = Release;
		};
		3F5CDD6190186C2ACE1A9E3C /* Release */ = {
			isa = XCBuildConfiguration;
			buildSettings = {
				ASSETCATALOG_COMPILER_APPICON_NAME = AppIcon;
				CODE_SIGN_ENTITLEMENTS = "DevNotes-iOS.entitlements";
				CODE_SIGN_IDENTITY = "iPhone Developer";
				CODE_SIGN_STYLE = Automatic;
				GENERATE_INFOPLIST_FILE = YES;
				INFOPLIST_KEY_CFBundleDisplayName = DevNotes;
				INFOPLIST_KEY_LSApplicationCategoryType = "public.app-category.productivity";
				INFOPLIST_KEY_NSHumanReadableCopyright = "© 2026 Josh Glazer";
				INFOPLIST_KEY_UILaunchScreen_Generation = YES;
				IPHONEOS_DEPLOYMENT_TARGET = 17.0;
				LD_RUNPATH_SEARCH_PATHS = (
					"$(inherited)",
					"@executable_path/Frameworks",
				);
				PRODUCT_BUNDLE_IDENTIFIER = com.jsglazer.DevNotes;
				PRODUCT_NAME = DevNotes;
				SDKROOT = iphoneos;
				SWIFT_VERSION = 6.0;
				TARGETED_DEVICE_FAMILY = "1,2";
			};
			name = Release;
		};
		52C3FEF87ECC4D6951C8190B /* Debug */ = {
			isa = XCBuildConfiguration;
			buildSettings = {
				ASSETCATALOG_COMPILER_APPICON_NAME = AppIcon;
				CODE_SIGN_ENTITLEMENTS = DevNotes.entitlements;
				CODE_SIGN_STYLE = Automatic;
				COMBINE_HIDPI_IMAGES = YES;
				ENABLE_HARDENED_RUNTIME = YES;
				GENERATE_INFOPLIST_FILE = YES;
				INFOPLIST_KEY_CFBundleDisplayName = DevNotes;
				INFOPLIST_KEY_LSApplicationCategoryType = "public.app-category.productivity";
				INFOPLIST_KEY_NSHumanReadableCopyright = "© 2026 Josh Glazer";
				LD_RUNPATH_SEARCH_PATHS = (
					"$(inherited)",
					"@executable_path/../Frameworks",
				);
				MACOSX_DEPLOYMENT_TARGET = 14.0;
				PRODUCT_BUNDLE_IDENTIFIER = com.jsglazer.DevNotes;
				PRODUCT_NAME = DevNotes;
				SDKROOT = macosx;
				SWIFT_VERSION = 6.0;
			};
			name = Debug;
		};
		664D4BEB3ADF6D1D248554F4 /* Debug */ = {
			isa = XCBuildConfiguration;
			buildSettings = {
				ASSETCATALOG_COMPILER_APPICON_NAME = AppIcon;
				CODE_SIGN_ENTITLEMENTS = "DevNotes-iOS.entitlements";
				CODE_SIGN_IDENTITY = "iPhone Developer";
				CODE_SIGN_STYLE = Automatic;
				GENERATE_INFOPLIST_FILE = YES;
				INFOPLIST_KEY_CFBundleDisplayName = DevNotes;
				INFOPLIST_KEY_LSApplicationCategoryType = "public.app-category.productivity";
				INFOPLIST_KEY_NSHumanReadableCopyright = "© 2026 Josh Glazer";
				INFOPLIST_KEY_UILaunchScreen_Generation = YES;
				IPHONEOS_DEPLOYMENT_TARGET = 17.0;
				LD_RUNPATH_SEARCH_PATHS = (
					"$(inherited)",
					"@executable_path/Frameworks",
				);
				PRODUCT_BUNDLE_IDENTIFIER = com.jsglazer.DevNotes;
				PRODUCT_NAME = DevNotes;
				SDKROOT = iphoneos;
				SWIFT_VERSION = 6.0;
				TARGETED_DEVICE_FAMILY = "1,2";
			};
			name = Debug;
		};
		A9E3E490446BCDC2C4F8F9D1 /* Debug */ = {
			isa = XCBuildConfiguration;
			buildSettings = {
				ALWAYS_SEARCH_USER_PATHS = NO;
				CLANG_ANALYZER_NONNULL = YES;
				CLANG_ANALYZER_NUMBER_OBJECT_CONVERSION = YES_AGGRESSIVE;
				CLANG_CXX_LANGUAGE_STANDARD = "gnu++14";
				CLANG_CXX_LIBRARY = "libc++";
				CLANG_ENABLE_MODULES = YES;
				CLANG_ENABLE_OBJC_ARC = YES;
				CLANG_ENABLE_OBJC_WEAK = YES;
				CLANG_WARN_BLOCK_CAPTURE_AUTORELEASING = YES;
				CLANG_WARN_BOOL_CONVERSION = YES;
				CLANG_WARN_COMMA = YES;
				CLANG_WARN_CONSTANT_CONVERSION = YES;
				CLANG_WARN_DEPRECATED_OBJC_IMPLEMENTATIONS = YES;
				CLANG_WARN_DIRECT_OBJC_ISA_USAGE = YES_ERROR;
				CLANG_WARN_DOCUMENTATION_COMMENTS = YES;
				CLANG_WARN_EMPTY_BODY = YES;
				CLANG_WARN_ENUM_CONVERSION = YES;
				CLANG_WARN_INFINITE_RECURSION = YES;
				CLANG_WARN_INT_CONVERSION = YES;
				CLANG_WARN_NON_LITERAL_NULL_CONVERSION = YES;
				CLANG_WARN_OBJC_IMPLICIT_RETAIN_SELF = YES;
				CLANG_WARN_OBJC_LITERAL_CONVERSION = YES;
				CLANG_WARN_OBJC_ROOT_CLASS = YES_ERROR;
				CLANG_WARN_QUOTED_INCLUDE_IN_FRAMEWORK_HEADER = YES;
				CLANG_WARN_RANGE_LOOP_ANALYSIS = YES;
				CLANG_WARN_STRICT_PROTOTYPES = YES;
				CLANG_WARN_SUSPICIOUS_MOVE = YES;
				CLANG_WARN_UNGUARDED_AVAILABILITY = YES_AGGRESSIVE;
				CLANG_WARN_UNREACHABLE_CODE = YES;
				CLANG_WARN__DUPLICATE_METHOD_MATCH = YES;
				COPY_PHASE_STRIP = NO;
				CURRENT_PROJECT_VERSION = 1;
				DEBUG_INFORMATION_FORMAT = dwarf;
				DEVELOPMENT_TEAM = PWGXN26URQ;
				ENABLE_STRICT_OBJC_MSGSEND = YES;
				ENABLE_TESTABILITY = YES;
				GCC_C_LANGUAGE_STANDARD = gnu11;
				GCC_DYNAMIC_NO_PIC = NO;
				GCC_NO_COMMON_BLOCKS = YES;
				GCC_OPTIMIZATION_LEVEL = 0;
				GCC_PREPROCESSOR_DEFINITIONS = (
					"$(inherited)",
					"DEBUG=1",
				);
				GCC_WARN_64_TO_32_BIT_CONVERSION = YES;
				GCC_WARN_ABOUT_RETURN_TYPE = YES_ERROR;
				GCC_WARN_UNDECLARED_SELECTOR = YES;
				GCC_WARN_UNINITIALIZED_AUTOS = YES_AGGRESSIVE;
				GCC_WARN_UNUSED_FUNCTION = YES;
				GCC_WARN_UNUSED_VARIABLE = YES;
				IPHONEOS_DEPLOYMENT_TARGET = 17.0;
				MACOSX_DEPLOYMENT_TARGET = 14.0;
				MARKETING_VERSION = 1.0.10;
				MTL_ENABLE_DEBUG_INFO = INCLUDE_SOURCE;
				MTL_FAST_MATH = YES;
				ONLY_ACTIVE_ARCH = YES;
				PRODUCT_NAME = "$(TARGET_NAME)";
				SWIFT_ACTIVE_COMPILATION_CONDITIONS = DEBUG;
				SWIFT_OPTIMIZATION_LEVEL = "-Onone";
				SWIFT_VERSION = 6.0;
			};
			name = Debug;
		};
/* End XCBuildConfiguration section */

/* Begin XCConfigurationList section */
		C5745410C1890D3871DF66F8 /* Build configuration list for PBXProject "DevNotes" */ = {
			isa = XCConfigurationList;
			buildConfigurations = (
				A9E3E490446BCDC2C4F8F9D1 /* Debug */,
				21FC6987B075FEBBFFF58C8C /* Release */,
			);
			defaultConfigurationIsVisible = 0;
			defaultConfigurationName = Debug;
		};
		DF3B3C32289FE9DBAB8B61AA /* Build configuration list for PBXNativeTarget "DevNotes-iOS" */ = {
			isa = XCConfigurationList;
			buildConfigurations = (
				664D4BEB3ADF6D1D248554F4 /* Debug */,
				3F5CDD6190186C2ACE1A9E3C /* Release */,
			);
			defaultConfigurationIsVisible = 0;
			defaultConfigurationName = Debug;
		};
		FFE17D6B5DE32F70AB153240 /* Build configuration list for PBXNativeTarget "DevNotes" */ = {
			isa = XCConfigurationList;
			buildConfigurations = (
				52C3FEF87ECC4D6951C8190B /* Debug */,
				07F97A1CAF12C27FD22A5FF2 /* Release */,
			);
			defaultConfigurationIsVisible = 0;
			defaultConfigurationName = Debug;
		};
/* End XCConfigurationList section */

/* Begin XCLocalSwiftPackageReference section */
		439800B1C6E6368A9526972C /* XCLocalSwiftPackageReference "." */ = {
			isa = XCLocalSwiftPackageReference;
			relativePath = .;
		};
/* End XCLocalSwiftPackageReference section */

/* Begin XCSwiftPackageProductDependency section */
		65B852DFA661A75457C78948 /* DevNotesCore */ = {
			isa = XCSwiftPackageProductDependency;
			productName = DevNotesCore;
		};
		9797B87FF1EB21760926BBF1 /* DevNotesCore */ = {
			isa = XCSwiftPackageProductDependency;
			productName = DevNotesCore;
		};
/* End XCSwiftPackageProductDependency section */
	};
	rootObject = 8642B65FA43056D7FA57C4C8 /* Project object */;
}
